// !$*UTF8*$!
{
	archiveVersion = 1;
	classes = {
	};
	objectVersion = 56;
	objects = {

/* Begin PBXBuildFile section */
		6AB2E64128EF44A300720E16 /* AppDelegate.swift in Sources */ = {isa = PBXBuildFile; fileRef = 6AB2E64028EF44A300720E16 /* AppDelegate.swift */; };
		6AB2E64328EF44A300720E16 /* SceneDelegate.swift in Sources */ = {isa = PBXBuildFile; fileRef = 6AB2E64228EF44A300720E16 /* SceneDelegate.swift */; };
		6AB2E64528EF44A300720E16 /* ViewController.swift in Sources */ = {isa = PBXBuildFile; fileRef = 6AB2E64428EF44A300720E16 /* ViewController.swift */; };
		6AB2E64828EF44A300720E16 /* Main.storyboard in Resources */ = {isa = PBXBuildFile; fileRef = 6AB2E64628EF44A300720E16 /* Main.storyboard */; };
		6AB2E64A28EF44A400720E16 /* Assets.xcassets in Resources */ = {isa = PBXBuildFile; fileRef = 6AB2E64928EF44A400720E16 /* Assets.xcassets */; };
		6AB2E64D28EF44A400720E16 /* LaunchScreen.storyboard in Resources */ = {isa = PBXBuildFile; fileRef = 6AB2E64B28EF44A400720E16 /* LaunchScreen.storyboard */; };
		6AB2E65828EF44A400720E16 /* lessonsTests.swift in Sources */ = {isa = PBXBuildFile; fileRef = 6AB2E65728EF44A400720E16 /* lessonsTests.swift */; };
		6AB2E66228EF44A400720E16 /* lessonsUITests.swift in Sources */ = {isa = PBXBuildFile; fileRef = 6AB2E66128EF44A400720E16 /* lessonsUITests.swift */; };
		6AB2E66428EF44A400720E16 /* lessonsUITestsLaunchTests.swift in Sources */ = {isa = PBXBuildFile; fileRef = 6AB2E66328EF44A400720E16 /* lessonsUITestsLaunchTests.swift */; };
		6AB2E67328EF46BD00720E16 /* launch.mp3 in Resources */ = {isa = PBXBuildFile; fileRef = 6AB2E67228EF46BD00720E16 /* launch.mp3 */; };
/* End PBXBuildFile section */

/* Begin PBXContainerItemProxy section */
		6AB2E65428EF44A400720E16 /* PBXContainerItemProxy */ = {
			isa = PBXContainerItemProxy;
			containerPortal = 6AB2E63528EF44A300720E16 /* Project object */;
			proxyType = 1;
			remoteGlobalIDString = 6AB2E63C28EF44A300720E16;
			remoteInfo = lessons;
		};
		6AB2E65E28EF44A400720E16 /* PBXContainerItemProxy */ = {
			isa = PBXContainerItemProxy;
			containerPortal = 6AB2E63528EF44A300720E16 /* Project object */;
			proxyType = 1;
			remoteGlobalIDString = 6AB2E63C28EF44A300720E16;
			remoteInfo = lessons;
		};
/* End PBXContainerItemProxy section */

/* Begin PBXFileReference section */
		6AB2E63D28EF44A300720E16 /* lessons.app */ = {isa = PBXFileReference; explicitFileType = wrapper.application; includeInIndex = 0; path = lessons.app; sourceTree = BUILT_PRODUCTS_DIR; };
		6AB2E64028EF44A300720E16 /* AppDelegate.swift */ = {isa = PBXFileReference; lastKnownFileType = sourcecode.swift; path = AppDelegate.swift; sourceTree = "<group>"; };
		6AB2E64228EF44A300720E16 /* SceneDelegate.swift */ = {isa = PBXFileReference; lastKnownFileType = sourcecode.swift; path = SceneDelegate.swift; sourceTree = "<group>"; };
		6AB2E64428EF44A300720E16 /* ViewController.swift */ = {isa = PBXFileReference; lastKnownFileType = sourcecode.swift; path = ViewController.swift; sourceTree = "<group>"; };
		6AB2E64728EF44A300720E16 /* Base */ = {isa = PBXFileReference; lastKnownFileType = file.storyboard; name = Base; path = Base.lproj/Main.storyboard; sourceTree = "<group>"; };
		6AB2E64928EF44A400720E16 /* Assets.xcassets */ = {isa = PBXFileReference; lastKnownFileType = folder.assetcatalog; path = Assets.xcassets; sourceTree = "<group>"; };
		6AB2E64C28EF44A400720E16 /* Base */ = {isa = PBXFileReference; lastKnownFileType = file.storyboard; name = Base; path = Base.lproj/LaunchScreen.storyboard; sourceTree = "<group>"; };
		6AB2E64E28EF44A400720E16 /* Info.plist */ = {isa = PBXFileReference; lastKnownFileType = text.plist.xml; path = Info.plist; sourceTree = "<group>"; };
		6AB2E65328EF44A400720E16 /* lessonsTests.xctest */ = {isa = PBXFileReference; explicitFileType = wrapper.cfbundle; includeInIndex = 0; path = lessonsTests.xctest; sourceTree = BUILT_PRODUCTS_DIR; };
		6AB2E65728EF44A400720E16 /* lessonsTests.swift */ = {isa = PBXFileReference; lastKnownFileType = sourcecode.swift; path = lessonsTests.swift; sourceTree = "<group>"; };
		6AB2E65D28EF44A400720E16 /* lessonsUITests.xctest */ = {isa = PBXFileReference; explicitFileType = wrapper.cfbundle; includeInIndex = 0; path = lessonsUITests.xctest; sourceTree = BUILT_PRODUCTS_DIR; };
		6AB2E66128EF44A400720E16 /* lessonsUITests.swift */ = {isa = PBXFileReference; lastKnownFileType = sourcecode.swift; path = lessonsUITests.swift; sourceTree = "<group>"; };
		6AB2E66328EF44A400720E16 /* lessonsUITestsLaunchTests.swift */ = {isa = PBXFileReference; lastKnownFileType = sourcecode.swift; path = lessonsUITestsLaunchTests.swift; sourceTree = "<group>"; };
		6AB2E67228EF46BD00720E16 /* launch.mp3 */ = {isa = PBXFileReference; lastKnownFileType = audio.mp3; path = launch.mp3; sourceTree = "<group>"; };
/* End PBXFileReference section */

/* Begin PBXFrameworksBuildPhase section */
		6AB2E63A28EF44A300720E16 /* Frameworks */ = {
			isa = PBXFrameworksBuildPhase;
			buildActionMask = 2147483647;
			files = (
			);
			runOnlyForDeploymentPostprocessing = 0;
		};
		6AB2E65028EF44A400720E16 /* Frameworks */ = {
			isa = PBXFrameworksBuildPhase;
			buildActionMask = 2147483647;
			files = (
			);
			runOnlyForDeploymentPostprocessing = 0;
		};
		6AB2E65A28EF44A400720E16 /* Frameworks */ = {
			isa = PBXFrameworksBuildPhase;
			buildActionMask = 2147483647;
			files = (
			);
			runOnlyForDeploymentPostprocessing = 0;
		};
/* End PBXFrameworksBuildPhase section */

/* Begin PBXGroup section */
		6AB2E63428EF44A300720E16 = {
			isa = PBXGroup;
			children = (
				6AB2E63F28EF44A300720E16 /* lessons */,
				6AB2E65628EF44A400720E16 /* lessonsTests */,
				6AB2E66028EF44A400720E16 /* lessonsUITests */,
				6AB2E63E28EF44A300720E16 /* Products */,
			);
			sourceTree = "<group>";
		};
		6AB2E63E28EF44A300720E16 /* Products */ = {
			isa = PBXGroup;
			children = (
				6AB2E63D28EF44A300720E16 /* lessons.app */,
				6AB2E65328EF44A400720E16 /* lessonsTests.xctest */,
				6AB2E65D28EF44A400720E16 /* lessonsUITests.xctest */,
			);
			name = Products;
			sourceTree = "<group>";
		};
		6AB2E63F28EF44A300720E16 /* lessons */ = {
			isa = PBXGroup;
			children = (
				6AB2E67228EF46BD00720E16 /* launch.mp3 */,
				6AB2E64028EF44A300720E16 /* AppDelegate.swift */,
				6AB2E64228EF44A300720E16 /* SceneDelegate.swift */,
				6AB2E64428EF44A300720E16 /* ViewController.swift */,
				6AB2E64628EF44A300720E16 /* Main.storyboard */,
				6AB2E64928EF44A400720E16 /* Assets.xcassets */,
				6AB2E64B28EF44A400720E16 /* LaunchScreen.storyboard */,
				6AB2E64E28EF44A400720E16 /* Info.plist */,
			);
			path = lessons;
			sourceTree = "<group>";
		};
		6AB2E65628EF44A400720E16 /* lessonsTests */ = {
			isa = PBXGroup;
			children = (
				6AB2E65728EF44A400720E16 /* lessonsTests.swift */,
			);
			path = lessonsTests;
			sourceTree = "<group>";
		};
		6AB2E66028EF44A400720E16 /* lessonsUITests */ = {
			isa = PBXGroup;
			children = (
				6AB2E66128EF44A400720E16 /* lessonsUITests.swift */,
				6AB2E66328EF44A400720E16 /* lessonsUITestsLaunchTests.swift */,
			);
			path = lessonsUITests;
			sourceTree = "<group>";
		};
/* End PBXGroup section */

/* Begin PBXNativeTarget section */
		6AB2E63C28EF44A300720E16 /* lessons */ = {
			isa = PBXNativeTarget;
			buildConfigurationList = 6AB2E66728EF44A400720E16 /* Build configuration list for PBXNativeTarget "lessons" */;
			buildPhases = (
				6AB2E63928EF44A300720E16 /* Sources */,
				6AB2E63A28EF44A300720E16 /* Frameworks */,
				6AB2E63B28EF44A300720E16 /* Resources */,
			);
			buildRules = (
			);
			dependencies = (
			);
			name = lessons;
			productName = lessons;
			productReference = 6AB2E63D28EF44A300720E16 /* lessons.app */;
			productType = "com.apple.product-type.application";
		};
		6AB2E65228EF44A400720E16 /* lessonsTests */ = {
			isa = PBXNativeTarget;
			buildConfigurationList = 6AB2E66A28EF44A400720E16 /* Build configuration list for PBXNativeTarget "lessonsTests" */;
			buildPhases = (
				6AB2E64F28EF44A400720E16 /* Sources */,
				6AB2E65028EF44A400720E16 /* Frameworks */,
				6AB2E65128EF44A400720E16 /* Resources */,
			);
			buildRules = (
			);
			dependencies = (
				6AB2E65528EF44A400720E16 /* PBXTargetDependency */,
			);
			name = lessonsTests;
			productName = lessonsTests;
			productReference = 6AB2E65328EF44A400720E16 /* lessonsTests.xctest */;
			productType = "com.apple.product-type.bundle.unit-test";
		};
		6AB2E65C28EF44A400720E16 /* lessonsUITests */ = {
			isa = PBXNativeTarget;
			buildConfigurationList = 6AB2E66D28EF44A400720E16 /* Build configuration list for PBXNativeTarget "lessonsUITests" */;
			buildPhases = (
				6AB2E65928EF44A400720E16 /* Sources */,
				6AB2E65A28EF44A400720E16 /* Frameworks */,
				6AB2E65B28EF44A400720E16 /* Resources */,
			);
			buildRules = (
			);
			dependencies = (
				6AB2E65F28EF44A400720E16 /* PBXTargetDependency */,
			);
			name = lessonsUITests;
			productName = lessonsUITests;
			productReference = 6AB2E65D28EF44A400720E16 /* lessonsUITests.xctest */;
			productType = "com.apple.product-type.bundle.ui-testing";
		};
/* End PBXNativeTarget section */

/* Begin PBXProject section */
		6AB2E63528EF44A300720E16 /* Project object */ = {
			isa = PBXProject;
			attributes = {
				BuildIndependentTargetsInParallel = 1;
				LastSwiftUpdateCheck = 1400;
				LastUpgradeCheck = 1400;
				TargetAttributes = {
					6AB2E63C28EF44A300720E16 = {
						CreatedOnToolsVersion = 14.0;
					};
					6AB2E65228EF44A400720E16 = {
						CreatedOnToolsVersion = 14.0;
						TestTargetID = 6AB2E63C28EF44A300720E16;
					};
					6AB2E65C28EF44A400720E16 = {
						CreatedOnToolsVersion = 14.0;
						TestTargetID = 6AB2E63C28EF44A300720E16;
					};
				};
			};
			buildConfigurationList = 6AB2E63828EF44A300720E16 /* Build configuration list for PBXProject "lessons" */;
			compatibilityVersion = "Xcode 14.0";
			developmentRegion = en;
			hasScannedForEncodings = 0;
			knownRegions = (
				en,
				Base,
			);
			mainGroup = 6AB2E63428EF44A300720E16;
			productRefGroup = 6AB2E63E28EF44A300720E16 /* Products */;
			projectDirPath = "";
			projectRoot = "";
			targets = (
				6AB2E63C28EF44A300720E16 /* lessons */,
				6AB2E65228EF44A400720E16 /* lessonsTests */,
				6AB2E65C28EF44A400720E16 /* lessonsUITests */,
			);
		};
/* End PBXProject section */

/* Begin PBXResourcesBuildPhase section */
		6AB2E63B28EF44A300720E16 /* Resources */ = {
			isa = PBXResourcesBuildPhase;
			buildActionMask = 2147483647;
			files = (
				6AB2E64D28EF44A400720E16 /* LaunchScreen.storyboard in Resources */,
				6AB2E64A28EF44A400720E16 /* Assets.xcassets in Resources */,
				6AB2E64828EF44A300720E16 /* Main.storyboard in Resources */,
				6AB2E67328EF46BD00720E16 /* launch.mp3 in Resources */,
			);
			runOnlyForDeploymentPostprocessing = 0;
		};
		6AB2E65128EF44A400720E16 /* Resources */ = {
			isa = PBXResourcesBuildPhase;
			buildActionMask = 2147483647;
			files = (
			);
			runOnlyForDeploymentPostprocessing = 0;
		};
		6AB2E65B28EF44A400720E16 /* Resources */ = {
			isa = PBXResourcesBuildPhase;
			buildActionMask = 2147483647;
			files = (
			);
			runOnlyForDeploymentPostprocessing = 0;
		};
/* End PBXResourcesBuildPhase section */

/* Begin PBXSourcesBuildPhase section */
		6AB2E63928EF44A300720E16 /* Sources */ = {
			isa = PBXSourcesBuildPhase;
			buildActionMask = 2147483647;
			files = (
				6AB2E64528EF44A300720E16 /* ViewController.swift in Sources */,
				6AB2E64128EF44A300720E16 /* AppDelegate.swift in Sources */,
				6AB2E64328EF44A300720E16 /* SceneDelegate.swift in Sources */,
			);
			runOnlyForDeploymentPostprocessing = 0;
		};
		6AB2E64F28EF44A400720E16 /* Sources */ = {
			isa = PBXSourcesBuildPhase;
			buildActionMask = 2147483647;
			files = (
				6AB2E65828EF44A400720E16 /* lessonsTests.swift in Sources */,
			);
			runOnlyForDeploymentPostprocessing = 0;
		};
		6AB2E65928EF44A400720E16 /* Sources */ = {
			isa = PBXSourcesBuildPhase;
			buildActionMask = 2147483647;
			files = (
				6AB2E66428EF44A400720E16 /* lessonsUITestsLaunchTests.swift in Sources */,
				6AB2E66228EF44A400720E16 /* lessonsUITests.swift in Sources */,
			);
			runOnlyForDeploymentPostprocessing = 0;
		};
/* End PBXSourcesBuildPhase section */

/* Begin PBXTargetDependency section */
		6AB2E65528EF44A400720E16 /* PBXTargetDependency */ = {
			isa = PBXTargetDependency;
			target = 6AB2E63C28EF44A300720E16 /* lessons */;
			targetProxy = 6AB2E65428EF44A400720E16 /* PBXContainerItemProxy */;
		};
		6AB2E65F28EF44A400720E16 /* PBXTargetDependency */ = {
			isa = PBXTargetDependency;
			target = 6AB2E63C28EF44A300720E16 /* lessons */;
			targetProxy = 6AB2E65E28EF44A400720E16 /* PBXContainerItemProxy */;
		};
/* End PBXTargetDependency section */

/* Begin PBXVariantGroup section */
		6AB2E64628EF44A300720E16 /* Main.storyboard */ = {
			isa = PBXVariantGroup;
			children = (
				6AB2E64728EF44A300720E16 /* Base */,
			);
			name = Main.storyboard;
			sourceTree = "<group>";
		};
		6AB2E64B28EF44A400720E16 /* LaunchScreen.storyboard */ = {
			isa = PBXVariantGroup;
			children = (
				6AB2E64C28EF44A400720E16 /* Base */,
			);
			name = LaunchScreen.storyboard;
			sourceTree = "<group>";
		};
/* End PBXVariantGroup section */

/* Begin XCBuildConfiguration section */
		6AB2E66528EF44A400720E16 /* Debug */ = {
			isa = XCBuildConfiguration;
			buildSettings = {
				ALWAYS_SEARCH_USER_PATHS = NO;
				CLANG_ANALYZER_NONNULL = YES;
				CLANG_ANALYZER_NUMBER_OBJECT_CONVERSION = YES_AGGRESSIVE;
				CLANG_CXX_LANGUAGE_STANDARD = "gnu++20";
				CLANG_ENABLE_MODULES = YES;
				CLANG_ENABLE_OBJC_ARC = YES;
				CLANG_ENABLE_OBJC_WEAK = YES;
				CLANG_WARN_BLOCK_CAPTURE_AUTORELEASING = YES;
				CLANG_WARN_BOOL_CONVERSION = YES;
				CLANG_WARN_COMMA = YES;
				CLANG_WARN_CONSTANT_CONVERSION = YES;
				CLANG_WARN_DEPRECATED_OBJC_IMPLEMENTATIONS = YES;
				CLANG_WARN_DIRECT_OBJC_ISA_USAGE = YES_ERROR;
				CLANG_WARN_DOCUMENTATION_COMMENTS = YES;
				CLANG_WARN_EMPTY_BODY = YES;
				CLANG_WARN_ENUM_CONVERSION = YES;
				CLANG_WARN_INFINITE_RECURSION = YES;
				CLANG_WARN_INT_CONVERSION = YES;
				CLANG_WARN_NON_LITERAL_NULL_CONVERSION = YES;
				CLANG_WARN_OBJC_IMPLICIT_RETAIN_SELF = YES;
				CLANG_WARN_OBJC_LITERAL_CONVERSION = YES;
				CLANG_WARN_OBJC_ROOT_CLASS = YES_ERROR;
				CLANG_WARN_QUOTED_INCLUDE_IN_FRAMEWORK_HEADER = YES;
				CLANG_WARN_RANGE_LOOP_ANALYSIS = YES;
				CLANG_WARN_STRICT_PROTOTYPES = YES;
				CLANG_WARN_SUSPICIOUS_MOVE = YES;
				CLANG_WARN_UNGUARDED_AVAILABILITY = YES_AGGRESSIVE;
				CLANG_WARN_UNREACHABLE_CODE = YES;
				CLANG_WARN__DUPLICATE_METHOD_MATCH = YES;
				COPY_PHASE_STRIP = NO;
				DEBUG_INFORMATION_FORMAT = dwarf;
				ENABLE_STRICT_OBJC_MSGSEND = YES;
				ENABLE_TESTABILITY = YES;
				GCC_C_LANGUAGE_STANDARD = gnu11;
				GCC_DYNAMIC_NO_PIC = NO;
				GCC_NO_COMMON_BLOCKS = YES;
				GCC_OPTIMIZATION_LEVEL = 0;
				GCC_PREPROCESSOR_DEFINITIONS = (
					"DEBUG=1",
					"$(inherited)",
				);
				GCC_WARN_64_TO_32_BIT_CONVERSION = YES;
				GCC_WARN_ABOUT_RETURN_TYPE = YES_ERROR;
				GCC_WARN_UNDECLARED_SELECTOR = YES;
				GCC_WARN_UNINITIALIZED_AUTOS = YES_AGGRESSIVE;
				GCC_WARN_UNUSED_FUNCTION = YES;
				GCC_WARN_UNUSED_VARIABLE = YES;
				IPHONEOS_DEPLOYMENT_TARGET = 16.0;
				MTL_ENABLE_DEBUG_INFO = INCLUDE_SOURCE;
				MTL_FAST_MATH = YES;
				ONLY_ACTIVE_ARCH = YES;
				SDKROOT = iphoneos;
				SWIFT_ACTIVE_COMPILATION_CONDITIONS = DEBUG;
				SWIFT_OPTIMIZATION_LEVEL = "-Onone";
			};
			name = Debug;
		};
		6AB2E66628EF44A400720E16 /* Release */ = {
			isa = XCBuildConfiguration;
			buildSettings = {
				ALWAYS_SEARCH_USER_PATHS = NO;
				CLANG_ANALYZER_NONNULL = YES;
				CLANG_ANALYZER_NUMBER_OBJECT_CONVERSION = YES_AGGRESSIVE;
				CLANG_CXX_LANGUAGE_STANDARD = "gnu++20";
				CLANG_ENABLE_MODULES = YES;
				CLANG_ENABLE_OBJC_ARC = YES;
				CLANG_ENABLE_OBJC_WEAK = YES;
				CLANG_WARN_BLOCK_CAPTURE_AUTORELEASING = YES;
				CLANG_WARN_BOOL_CONVERSION = YES;
				CLANG_WARN_COMMA = YES;
				CLANG_WARN_CONSTANT_CONVERSION = YES;
				CLANG_WARN_DEPRECATED_OBJC_IMPLEMENTATIONS = YES;
				CLANG_WARN_DIRECT_OBJC_ISA_USAGE = YES_ERROR;
				CLANG_WARN_DOCUMENTATION_COMMENTS = YES;
				CLANG_WARN_EMPTY_BODY = YES;
				CLANG_WARN_ENUM_CONVERSION = YES;
				CLANG_WARN_INFINITE_RECURSION = YES;
				CLANG_WARN_INT_CONVERSION = YES;
				CLANG_WARN_NON_LITERAL_NULL_CONVERSION = YES;
				CLANG_WARN_OBJC_IMPLICIT_RETAIN_SELF = YES;
				CLANG_WARN_OBJC_LITERAL_CONVERSION = YES;
				CLANG_WARN_OBJC_ROOT_CLASS = YES_ERROR;
				CLANG_WARN_QUOTED_INCLUDE_IN_FRAMEWORK_HEADER = YES;
				CLANG_WARN_RANGE_LOOP_ANALYSIS = YES;
				CLANG_WARN_STRICT_PROTOTYPES = YES;
				CLANG_WARN_SUSPICIOUS_MOVE = YES;
				CLANG_WARN_UNGUARDED_AVAILABILITY = YES_AGGRESSIVE;
				CLANG_WARN_UNREACHABLE_CODE = YES;
				CLANG_WARN__DUPLICATE_METHOD_MATCH = YES;
				COPY_PHASE_STRIP = NO;
				DEBUG_INFORMATION_FORMAT = "dwarf-with-dsym";
				ENABLE_NS_ASSERTIONS = NO;
				ENABLE_STRICT_OBJC_MSGSEND = YES;
				GCC_C_LANGUAGE_STANDARD = gnu11;
				GCC_NO_COMMON_BLOCKS = YES;
				GCC_WARN_64_TO_32_BIT_CONVERSION = YES;
				GCC_WARN_ABOUT_RETURN_TYPE = YES_ERROR;
				GCC_WARN_UNDECLARED_SELECTOR = YES;
				GCC_WARN_UNINITIALIZED_AUTOS = YES_AGGRESSIVE;
				GCC_WARN_UNUSED_FUNCTION = YES;
				GCC_WARN_UNUSED_VARIABLE = YES;
				IPHONEOS_DEPLOYMENT_TARGET = 16.0;
				MTL_ENABLE_DEBUG_INFO = NO;
				MTL_FAST_MATH = YES;
				SDKROOT = iphoneos;
				SWIFT_COMPILATION_MODE = wholemodule;
				SWIFT_OPTIMIZATION_LEVEL = "-O";
				VALIDATE_PRODUCT = YES;
			};
			name = Release;
		};
		6AB2E66828EF44A400720E16 /* Debug */ = {
			isa = XCBuildConfiguration;
			buildSettings = {
				ASSETCATALOG_COMPILER_APPICON_NAME = AppIcon;
				ASSETCATALOG_COMPILER_GLOBAL_ACCENT_COLOR_NAME = AccentColor;
				CODE_SIGN_STYLE = Automatic;
				CURRENT_PROJECT_VERSION = 1;
				GENERATE_INFOPLIST_FILE = YES;
				INFOPLIST_FILE = lessons/Info.plist;
				INFOPLIST_KEY_UIApplicationSupportsIndirectInputEvents = YES;
				INFOPLIST_KEY_UILaunchStoryboardName = LaunchScreen;
				INFOPLIST_KEY_UIMainStoryboardFile = Main;
				INFOPLIST_KEY_UISupportedInterfaceOrientations_iPad = "UIInterfaceOrientationPortrait UIInterfaceOrientationPortraitUpsideDown UIInterfaceOrientationLandscapeLeft UIInterfaceOrientationLandscapeRight";
				INFOPLIST_KEY_UISupportedInterfaceOrientations_iPhone = "UIInterfaceOrientationPortrait UIInterfaceOrientationLandscapeLeft UIInterfaceOrientationLandscapeRight";
				LD_RUNPATH_SEARCH_PATHS = (
					"$(inherited)",
					"@executable_path/Frameworks",
				);
				MARKETING_VERSION = 1.0;
				PRODUCT_BUNDLE_IDENTIFIER = none.lessons;
				PRODUCT_NAME = "$(TARGET_NAME)";
				SWIFT_EMIT_LOC_STRINGS = YES;
				SWIFT_VERSION = 5.0;
				TARGETED_DEVICE_FAMILY = "1,2";
			};
			name = Debug;
		};
		6AB2E66928EF44A400720E16 /* Release */ = {
			isa = XCBuildConfiguration;
			buildSettings = {
				ASSETCATALOG_COMPILER_APPICON_NAME = AppIcon;
				ASSETCATALOG_COMPILER_GLOBAL_ACCENT_COLOR_NAME = AccentColor;
				CODE_SIGN_STYLE = Automatic;
				CURRENT_PROJECT_VERSION = 1;
				GENERATE_INFOPLIST_FILE = YES;
				INFOPLIST_FILE = lessons/Info.plist;
				INFOPLIST_KEY_UIApplicationSupportsIndirectInputEvents = YES;
				INFOPLIST_KEY_UILaunchStoryboardName = LaunchScreen;
				INFOPLIST_KEY_UIMainStoryboardFile = Main;
				INFOPLIST_KEY_UISupportedInterfaceOrientations_iPad = "UIInterfaceOrientationPortrait UIInterfaceOrientationPortraitUpsideDown UIInterfaceOrientationLandscapeLeft UIInterfaceOrientationLandscapeRight";
				INFOPLIST_KEY_UISupportedInterfaceOrientations_iPhone = "UIInterfaceOrientationPortrait UIInterfaceOrientationLandscapeLeft UIInterfaceOrientationLandscapeRight";
				LD_RUNPATH_SEARCH_PATHS = (
					"$(inherited)",
					"@executable_path/Frameworks",
				);
				MARKETING_VERSION = 1.0;
				PRODUCT_BUNDLE_IDENTIFIER = none.lessons;
				PRODUCT_NAME = "$(TARGET_NAME)";
				SWIFT_EMIT_LOC_STRINGS = YES;
				SWIFT_VERSION = 5.0;
				TARGETED_DEVICE_FAMILY = "1,2";
			};
			name = Release;
		};
		6AB2E66B28EF44A400720E16 /* Debug */ = {
			isa = XCBuildConfiguration;
			buildSettings = {
				ALWAYS_EMBED_SWIFT_STANDARD_LIBRARIES = YES;
				BUNDLE_LOADER = "$(TEST_HOST)";
				CODE_SIGN_STYLE = Automatic;
				CURRENT_PROJECT_VERSION = 1;
				GENERATE_INFOPLIST_FILE = YES;
				IPHONEOS_DEPLOYMENT_TARGET = 16.0;
				MARKETING_VERSION = 1.0;
				PRODUCT_BUNDLE_IDENTIFIER = none.lessonsTests;
				PRODUCT_NAME = "$(TARGET_NAME)";
				SWIFT_EMIT_LOC_STRINGS = NO;
				SWIFT_VERSION = 5.0;
				TARGETED_DEVICE_FAMILY = "1,2";
				TEST_HOST = "$(BUILT_PRODUCTS_DIR)/lessons.app/$(BUNDLE_EXECUTABLE_FOLDER_PATH)/lessons";
			};
			name = Debug;
		};
		6AB2E66C28EF44A400720E16 /* Release */ = {
			isa = XCBuildConfiguration;
			buildSettings = {
				ALWAYS_EMBED_SWIFT_STANDARD_LIBRARIES = YES;
				BUNDLE_LOADER = "$(TEST_HOST)";
				CODE_SIGN_STYLE = Automatic;
				CURRENT_PROJECT_VERSION = 1;
				GENERATE_INFOPLIST_FILE = YES;
				IPHONEOS_DEPLOYMENT_TARGET = 16.0;
				MARKETING_VERSION = 1.0;
				PRODUCT_BUNDLE_IDENTIFIER = none.lessonsTests;
				PRODUCT_NAME = "$(TARGET_NAME)";
				SWIFT_EMIT_LOC_STRINGS = NO;
				SWIFT_VERSION = 5.0;
				TARGETED_DEVICE_FAMILY = "1,2";
				TEST_HOST = "$(BUILT_PRODUCTS_DIR)/lessons.app/$(BUNDLE_EXECUTABLE_FOLDER_PATH)/lessons";
			};
			name = Release;
		};
		6AB2E66E28EF44A400720E16 /* Debug */ = {
			isa = XCBuildConfiguration;
			buildSettings = {
				ALWAYS_EMBED_SWIFT_STANDARD_LIBRARIES = YES;
				CODE_SIGN_STYLE = Automatic;
				CURRENT_PROJECT_VERSION = 1;
				GENERATE_INFOPLIST_FILE = YES;
				MARKETING_VERSION = 1.0;
				PRODUCT_BUNDLE_IDENTIFIER = none.lessonsUITests;
				PRODUCT_NAME = "$(TARGET_NAME)";
				SWIFT_EMIT_LOC_STRINGS = NO;
				SWIFT_VERSION = 5.0;
				TARGETED_DEVICE_FAMILY = "1,2";
				TEST_TARGET_NAME = lessons;
			};
			name = Debug;
		};
		6AB2E66F28EF44A400720E16 /* Release */ = {
			isa = XCBuildConfiguration;
			buildSettings = {
				ALWAYS_EMBED_SWIFT_STANDARD_LIBRARIES = YES;
				CODE_SIGN_STYLE = Automatic;
				CURRENT_PROJECT_VERSION = 1;
				GENERATE_INFOPLIST_FILE = YES;
				MARKETING_VERSION = 1.0;
				PRODUCT_BUNDLE_IDENTIFIER = none.lessonsUITests;
				PRODUCT_NAME = "$(TARGET_NAME)";
				SWIFT_EMIT_LOC_STRINGS = NO;
				SWIFT_VERSION = 5.0;
				TARGETED_DEVICE_FAMILY = "1,2";
				TEST_TARGET_NAME = lessons;
			};
			name = Release;
		};
/* End XCBuildConfiguration section */

/* Begin XCConfigurationList section */
		6AB2E63828EF44A300720E16 /* Build configuration list for PBXProject "lessons" */ = {
			isa = XCConfigurationList;
			buildConfigurations = (
				6AB2E66528EF44A400720E16 /* Debug */,
				6AB2E66628EF44A400720E16 /* Release */,
			);
			defaultConfigurationIsVisible = 0;
			defaultConfigurationName = Release;
		};
		6AB2E66728EF44A400720E16 /* Build configuration list for PBXNativeTarget "lessons" */ = {
			isa = XCConfigurationList;
			buildConfigurations = (
				6AB2E66828EF44A400720E16 /* Debug */,
				6AB2E66928EF44A400720E16 /* Release */,
			);
			defaultConfigurationIsVisible = 0;
			defaultConfigurationName = Release;
		};
		6AB2E66A28EF44A400720E16 /* Build configuration list for PBXNativeTarget "lessonsTests" */ = {
			isa = XCConfigurationList;
			buildConfigurations = (
				6AB2E66B28EF44A400720E16 /* Debug */,
				6AB2E66C28EF44A400720E16 /* Release */,
			);
			defaultConfigurationIsVisible = 0;
			defaultConfigurationName = Release;
		};
		6AB2E66D28EF44A400720E16 /* Build configuration list for PBXNativeTarget "lessonsUITests" */ = {
			isa = XCConfigurationList;
			buildConfigurations = (
				6AB2E66E28EF44A400720E16 /* Debug */,
				6AB2E66F28EF44A400720E16 /* Release */,
			);
			defaultConfigurationIsVisible = 0;
			defaultConfigurationName = Release;
		};
/* End XCConfigurationList section */
	};
	rootObject = 6AB2E63528EF44A300720E16 /* Project object */;
}
